{"format_version":"1.0","provider_schemas":{"registry.terraform.io/infobloxopen/infoblox":{"provider":{"version":0,"block":{"attributes":{"connect_timeout":{"type":"number","description":"Maximum wait for connection, in seconds. Zero or not specified means wait indefinitely.","description_kind":"plain","optional":true},"password":{"type":"string","description":"Password to authenticate with Infoblox server.","description_kind":"plain","optional":true},"pool_connections":{"type":"number","description":"Maximum number of connections to establish to the Infoblox server. Zero means unlimited.","description_kind":"plain","optional":true},"port":{"type":"string","description":"Port number used for connection for Infoblox Server.","description_kind":"plain","optional":true},"server":{"type":"string","description":"Infoblox server IP address.","description_kind":"plain","required":true},"sslmode":{"type":"bool","description":"If set, Infoblox client will permit unverifiable SSL certificates.","description_kind":"plain","optional":true},"username":{"type":"string","description":"User to authenticate with Infoblox server.","description_kind":"plain","required":true},"wapi_version":{"type":"string","description":"WAPI Version of Infoblox server defaults to v2.12.3","description_kind":"plain","optional":true}},"description_kind":"plain"}},"resource_schemas":{"infoblox_a_record":{"version":0,"block":{"attributes":{"cidr":{"type":"string","description":"Network to allocate an IP address from, when the 'ip_addr' field is empty (dynamic allocation). The address is in CIDR format. For static allocation, leave this field empty.","description_kind":"plain","optional":true},"comment":{"type":"string","description":"Description of the A-record.","description_kind":"plain","optional":true},"dns_view":{"type":"string","description":"DNS view which the zone does exist within.","description_kind":"plain","optional":true},"ext_attrs":{"type":"string","description":"Extensible attributes of the A-record to be added/updated, as a map in JSON format","description_kind":"plain","optional":true},"filter_params":{"type":"string","description":"The parent network block's extensible attributes (dynamic allocation). For static allocation, leave this field empty.","description_kind":"plain","optional":true},"fqdn":{"type":"string","description":"FQDN for the A-record.","description_kind":"plain","required":true},"id":{"type":"string","description_kind":"plain","optional":true,"computed":true},"internal_id":{"type":"string","description":"Internal ID of an object at NIOS side, used by Infoblox Terraform plugin to search for a NIOS's object which corresponds to the Terraform resource.","description_kind":"plain","computed":true},"ip_addr":{"type":"string","description":"IP address to associate with the A-record. For static allocation, set the field with a valid IP address. For dynamic allocation, leave this field empty and set 'cidr' and 'network_view' fieldsor 'filter_params' and optional 'network_view' fields.","description_kind":"plain","optional":true,"computed":true},"network_view":{"type":"string","description":"Network view to use when allocating an IP address from a network dynamically. For static allocation, leave this field empty.","description_kind":"plain","optional":true,"computed":true},"ref":{"type":"string","description":"NIOS object's reference, not to be set by a user.","description_kind":"plain","computed":true},"ttl":{"type":"number","description":"TTL value for the A-record.","description_kind":"plain","optional":true}},"description_kind":"plain"}},"infoblox_aaaa_record":{"version":0,"block":{"attributes":{"cidr":{"type":"string","description":"Network to allocate an IP address from, when the 'ipv6_addr' field is empty (dynamic allocation). The address is in CIDR format. For static allocation, leave this field empty.","description_kind":"plain","optional":true},"comment":{"type":"string","description":"Description of the AAAA-record.","description_kind":"plain","optional":true},"dns_view":{"type":"string","description":"DNS view which the zone does exist within.","description_kind":"plain","optional":true},"ext_attrs":{"type":"string","description":"Extensible attributes of the AAAA-record to be added/updated, as a map in JSON format","description_kind":"plain","optional":true},"filter_params":{"type":"string","description":"The parent network block's extensible attributes (dynamic allocation). For static allocation, leave this field empty.","description_kind":"plain","optional":true},"fqdn":{"type":"string","description":"FQDN for the AAAA-record.","description_kind":"plain","required":true},"id":{"type":"string","description_kind":"plain","optional":true,"computed":true},"internal_id":{"type":"string","description":"Internal ID of an object at NIOS side, used by Infoblox Terraform plugin to search for a NIOS's object which corresponds to the Terraform resource.","description_kind":"plain","computed":true},"ipv6_addr":{"type":"string","description":"IP address to associate with the AAAA-record. For static allocation, set the field with a valid IP address. For dynamic allocation, leave this field empty and set 'cidr' and 'network_view' fieldsor 'filter_params' and optional 'network_view' fields.","description_kind":"plain","optional":true,"computed":true},"network_view":{"type":"string","description":"Network view to use when allocating an IP address from a network dynamically. For static allocation, leave this field empty.","description_kind":"plain","optional":true,"computed":true},"ref":{"type":"string","description":"NIOS object's reference, not to be set by a user.","description_kind":"plain","computed":true},"ttl":{"type":"number","description":"TTL value for the AAAA-record.","description_kind":"plain","optional":true}},"description_kind":"plain"}},"infoblox_alias_record":{"version":0,"block":{"attributes":{"comment":{"type":"string","description":"Comment for the alias record.","description_kind":"plain","optional":true},"disable":{"type":"bool","description":"A boolean flag which indicates if the alias record is disabled.","description_kind":"plain","optional":true},"dns_view":{"type":"string","description":"Name of the DNS view in which the alias record is created.","description_kind":"plain","optional":true},"ext_attrs":{"type":"string","description":"Extensible attributes of the  Alias Record to be added/updated, as a map in JSON format","description_kind":"plain","optional":true},"id":{"type":"string","description_kind":"plain","optional":true,"computed":true},"internal_id":{"type":"string","description":"Internal ID of an object at NIOS side, used by Infoblox Terraform plugin to search for a NIOS's object which corresponds to the Terraform resource.","description_kind":"plain","computed":true},"name":{"type":"string","description":"Name of the alias record.","description_kind":"plain","required":true},"ref":{"type":"string","description":"NIOS object's reference, not to be set by a user.","description_kind":"plain","computed":true},"target_name":{"type":"string","description":"Target name in FQDN format.","description_kind":"plain","required":true},"target_type":{"type":"string","description":"Type of the target object.","description_kind":"plain","required":true},"ttl":{"type":"number","description":"The Time To Live (TTL) value for record. A 32-bit unsigned integer that represents the duration, in seconds, for which the record is valid (cached). Zero indicates that the record should not be cached.","description_kind":"plain","optional":true}},"description_kind":"plain"}},"infoblox_cname_record":{"version":0,"block":{"attributes":{"alias":{"type":"string","description":"The alias name in FQDN format.","description_kind":"plain","required":true},"canonical":{"type":"string","description":"The Canonical name in FQDN format.","description_kind":"plain","required":true},"comment":{"type":"string","description":"A description about CNAME record.","description_kind":"plain","optional":true},"dns_view":{"type":"string","description":"Dns View under which the zone has been created.","description_kind":"plain","optional":true},"ext_attrs":{"type":"string","description":"The Extensible attributes of CNAME record, as a map in JSON format","description_kind":"plain","optional":true},"id":{"type":"string","description_kind":"plain","optional":true,"computed":true},"internal_id":{"type":"string","description":"Internal ID of an object at NIOS side, used by Infoblox Terraform plugin to search for a NIOS's object which corresponds to the Terraform resource.","description_kind":"plain","computed":true},"ref":{"type":"string","description":"NIOS object's reference, not to be set by a user.","description_kind":"plain","computed":true},"ttl":{"type":"number","description":"TTL attribute value for the record.","description_kind":"plain","optional":true}},"description_kind":"plain"}},"infoblox_dns_view":{"version":0,"block":{"attributes":{"comment":{"type":"string","description":"Comment for the DNS View object; maximum 256 characters.","description_kind":"plain","optional":true},"ext_attrs":{"type":"string","description":"The Extensible attributes of the DNS view to be added/updated, as a map in JSON format","description_kind":"plain","optional":true},"id":{"type":"string","description_kind":"plain","optional":true,"computed":true},"internal_id":{"type":"string","description":"Internal ID of an object at NIOS side, used by Infoblox Terraform plugin to search for a NIOS's object which corresponds to the Terraform resource.","description_kind":"plain","computed":true},"name":{"type":"string","description":"The name of the DNS View to be specified","description_kind":"plain","required":true},"network_view":{"type":"string","description":"The name of the Network View in which DNS View exists.","description_kind":"plain","optional":true},"ref":{"type":"string","description":"NIOS object's reference, not to be set by a user.","description_kind":"plain","computed":true}},"description_kind":"plain"}},"infoblox_dtc_lbdn":{"version":0,"block":{"attributes":{"auto_consolidated_monitors":{"type":"bool","description":"Flag for enabling auto managing DTC Consolidated Monitors on related DTC Pools.","description_kind":"plain","optional":true},"comment":{"type":"string","description":"Description of the DTC LBDN record.","description_kind":"plain","optional":true},"disable":{"type":"bool","description":"Determines whether the DTC LBDN is disabled or not. When this is set to False, the fixed address is enabled.","description_kind":"plain","optional":true},"ext_attrs":{"type":"string","description":"Extensible attributes of the DTC LBDN record to be added/updated, as a map in JSON format.","description_kind":"plain","optional":true},"id":{"type":"string","description_kind":"plain","optional":true,"computed":true},"internal_id":{"type":"string","description":"Internal ID of an object at NIOS side, used by Infoblox Terraform plugin to search for a NIOS's object which corresponds to the Terraform resource.","description_kind":"plain","computed":true},"lb_method":{"type":"string","description":"The load balancing method. Used to select pool. Valid values are GLOBAL_AVAILABILITY, RATIO, ROUND_ROBIN, SOURCE_IP_HASH and TOPOLOGY.","description_kind":"plain","required":true},"name":{"type":"string","description":"The display name of the DTC LBDN.","description_kind":"plain","required":true},"patterns":{"type":["list","string"],"description":"LBDN wildcards for pattern match.","description_kind":"plain","optional":true},"persistence":{"type":"number","description":"Maximum time, in seconds, for which client specific LBDN responses will be cached. Zero specifies no caching.","description_kind":"plain","optional":true},"priority":{"type":"number","description":"The LBDN pattern match priority for “overlapping” DTC LBDN objects. LBDNs are “overlapping” if they are simultaneously assigned to a zone and have patterns that can match the same FQDN. The matching LBDN with highest priority (lowest ordinal) will be used.","description_kind":"plain","optional":true},"ref":{"type":"string","description":"NIOS object's reference, not to be set by a user.","description_kind":"plain","computed":true},"topology":{"type":"string","description":"The topology rules for TOPOLOGY method.","description_kind":"plain","optional":true},"ttl":{"type":"number","description":"The Time To Live (TTL) value for the DTC LBDN. A 32-bit unsigned integer that represents the duration, in seconds, for which the record is valid (cached). Zero indicates that the record should not be cached.","description_kind":"plain","optional":true},"types":{"type":["list","string"],"description":"The list of resource record types supported by LBDN. Valid values are A, AAAA, CNAME, NAPTR, SRV. Default value is A and AAAA","description_kind":"plain","required":true}},"block_types":{"auth_zones":{"nesting_mode":"list","block":{"attributes":{"dns_view":{"type":"string","description":"The DNS view in which the zone is available.","description_kind":"plain","required":true},"fqdn":{"type":"string","description":"Fully qualified domain name of an Authoritative zone.","description_kind":"plain","required":true}},"description":"List of linked auth zones with their respective views.","description_kind":"plain"}},"pools":{"nesting_mode":"list","block":{"attributes":{"pool":{"type":"string","description":"The pool to link with.","description_kind":"plain","required":true},"ratio":{"type":"number","description":"The weight of pool.","description_kind":"plain","required":true}},"description":"Pools associated with the LBDN are collections of load-balanced servers","description_kind":"plain"}}},"description_kind":"plain"}},"infoblox_dtc_pool":{"version":0,"block":{"attributes":{"auto_consolidated_monitors":{"type":"bool","description":"Flag for enabling auto managing DTC Consolidated Monitors in DTC Pool.","description_kind":"plain","optional":true},"availability":{"type":"string","description":"A resource in the pool is available if ANY, at least QUORUM, or ALL monitors for the pool say that it is up.","description_kind":"plain","optional":true},"comment":{"type":"string","description":"Description of the Dtc pool.","description_kind":"plain","optional":true},"disable":{"type":"bool","description":"Determines if the zone is disabled or not.","description_kind":"plain","optional":true},"ext_attrs":{"type":"string","description":"Extensible attributes of the  Dtc Pool to be added/updated, as a map in JSON format","description_kind":"plain","optional":true},"id":{"type":"string","description_kind":"plain","optional":true,"computed":true},"internal_id":{"type":"string","description":"Internal ID of an object at NIOS side, used by Infoblox Terraform plugin to search for a NIOS's object which corresponds to the Terraform resource.","description_kind":"plain","computed":true},"lb_alternate_method":{"type":"string","description":"The alternate load balancing method. Use this to select a method type from the pool if the preferred method does not return any results.","description_kind":"plain","optional":true},"lb_alternate_topology":{"type":"string","description":"The alternate topology for load balancing.","description_kind":"plain","optional":true},"lb_dynamic_ratio_alternate":{"type":"string","description":"The DTC Pool settings for dynamic ratio when it’s selected as alternate method.","description_kind":"plain","optional":true},"lb_dynamic_ratio_preferred":{"type":"string","description":"The DTC Pool settings for dynamic ratio when it’s selected as preferred method.","description_kind":"plain","optional":true},"lb_preferred_method":{"type":"string","description":"Load Balancing Preferred Method of the DTC pool.","description_kind":"plain","required":true},"lb_preferred_topology":{"type":"string","description":"The preferred topology for load balancing.","description_kind":"plain","optional":true},"name":{"type":"string","description":"Name of the DTC pool.","description_kind":"plain","required":true},"quorum":{"type":"number","description":"For availability mode QUORUM, at least this many monitors must report the resource as up for it to be available","description_kind":"plain","optional":true},"ref":{"type":"string","description":"NIOS object's reference, not to be set by a user.","description_kind":"plain","computed":true},"ttl":{"type":"number","description":"TTL value for the Dtc Pool.","description_kind":"plain","optional":true}},"block_types":{"consolidated_monitors":{"nesting_mode":"list","block":{"attributes":{"availability":{"type":"string","description":"Servers assigned to a pool with monitor defined are healthy if ANY or ALL members report healthy status.","description_kind":"plain","optional":true},"full_health_communication":{"type":"bool","description":"Flag for switching health performing and sharing behavior to perform health checks on each DTC grid member that serves related LBDN(s) and send them across all DTC grid members from both selected and non-selected lists.","description_kind":"plain","optional":true},"members":{"type":["list","string"],"description":"Members whose monitor statuses are shared across other members in a pool","description_kind":"plain","required":true},"monitor_name":{"type":"string","description":"The name of the monitor ","description_kind":"plain","required":true},"monitor_type":{"type":"string","description":"The type of the monitor","description_kind":"plain","required":true}},"description":"List of monitors and associated members statuses of which are shared across members and consolidated in server availability determination.","description_kind":"plain"}},"monitors":{"nesting_mode":"list","block":{"attributes":{"monitor_name":{"type":"string","description":"The name of the monitor","description_kind":"plain","required":true},"monitor_type":{"type":"string","description":"The type of the monitor.","description_kind":"plain","required":true}},"description":"Monitors associated with the DTC pool.","description_kind":"plain"}},"servers":{"nesting_mode":"list","block":{"attributes":{"ratio":{"type":"number","description":"The weight of server.","description_kind":"plain","required":true},"server":{"type":"string","description":"The name of the server for the pool","description_kind":"plain","required":true}},"description":"Servers of the DTC pool.","description_kind":"plain"}}},"description_kind":"plain"}},"infoblox_dtc_server":{"version":0,"block":{"attributes":{"auto_create_host_record":{"type":"bool","description":"Enabling this option will auto-create a single read-only A/AAAA/CNAME record corresponding to the configured hostname and update it if the hostname changes.\n\n","description_kind":"plain","optional":true},"comment":{"type":"string","description":"Description of the Dtc server.","description_kind":"plain","optional":true},"disable":{"type":"bool","description":"Determines if the zone is disabled or not.","description_kind":"plain","optional":true},"ext_attrs":{"type":"string","description":"Extensible attributes of the  Dtc Server to be added/updated, as a map in JSON format","description_kind":"plain","optional":true},"host":{"type":"string","description":"The address or FQDN of the server.","description_kind":"plain","required":true},"id":{"type":"string","description_kind":"plain","optional":true,"computed":true},"internal_id":{"type":"string","description":"Internal ID of an object at NIOS side, used by Infoblox Terraform plugin to search for a NIOS's object which corresponds to the Terraform resource.","description_kind":"plain","computed":true},"name":{"type":"string","description":"The DTC Server display name.","description_kind":"plain","required":true},"ref":{"type":"string","description":"NIOS object's reference, not to be set by a user.","description_kind":"plain","computed":true},"sni_hostname":{"type":"string","description":"The hostname for Server Name Indication (SNI) in FQDN format.","description_kind":"plain","optional":true},"use_sni_hostname":{"type":"bool","description":"Use flag for: sni_hostname","description_kind":"plain","optional":true}},"block_types":{"monitors":{"nesting_mode":"list","block":{"attributes":{"host":{"type":"string","description":"IP address or FQDN of the server used for monitoring.","description_kind":"plain","required":true},"monitor_name":{"type":"string","description":"The monitor name related to server.","description_kind":"plain","required":true},"monitor_type":{"type":"string","description":"The monitor type related to server.","description_kind":"plain","required":true}},"description":"List of IP/FQDN and monitor pairs to be used for additional monitoring.\n\n","description_kind":"plain"}}},"description_kind":"plain"}},"infoblox_ip_allocation":{"version":0,"block":{"attributes":{"aliases":{"type":["list","string"],"description":"A set of IP allocation aliases","description_kind":"plain","optional":true},"allocated_ipv4_addr":{"type":"string","description":"Value which comes from 'ipv4_addr' (if specified) or from auto-allocation function (using 'ipv4_cidr' or 'filter_params').","description_kind":"plain","optional":true,"computed":true},"allocated_ipv6_addr":{"type":"string","description":"Value which comes from 'ipv6_addr' (if specified) or from auto-allocation function (using 'ipv6_cidr' or 'filter_params').","description_kind":"plain","optional":true,"computed":true},"comment":{"type":"string","description":"A description of IP address allocation.","description_kind":"plain","optional":true},"disable":{"type":"bool","description":"Disables the Host record if set to 'true'.","description_kind":"plain","optional":true},"dns_view":{"type":"string","description":"DNS view under which the zone has been created.","description_kind":"plain","optional":true,"computed":true},"enable_dns":{"type":"bool","description":"flag that defines if the host record is to be used for DNS purposes.","description_kind":"plain","optional":true},"ext_attrs":{"type":"string","description":"The extensible attributes for IP address allocation, as a map in JSON format","description_kind":"plain","optional":true},"filter_params":{"type":"string","description":"The parent network block's extensible attributes. This field is used for dynamic allocation along with 'ip_address_type' field.","description_kind":"plain","optional":true},"fqdn":{"type":"string","description":"The host name for Host Record in FQDN format.","description_kind":"plain","required":true},"id":{"type":"string","description_kind":"plain","optional":true,"computed":true},"internal_id":{"type":"string","description":"Internal ID of an object at NIOS side, used by Infoblox Terraform plugin to search for a NIOS's object which corresponds to the Terraform resource.","description_kind":"plain","computed":true},"ip_address_type":{"type":"string","description":"The type of IP address to allocate. This filed is used only when 'filter_params' field is used. Valid values are: IPV4, IPV6, Both. Default value is IPV4","description_kind":"plain","optional":true},"ipv4_addr":{"type":"string","description":"IPv4 address of cloud instance.Set a valid IP address for static allocation and leave empty if dynamically allocated.","description_kind":"plain","optional":true},"ipv4_cidr":{"type":"string","description":"The IPv4 cidr from which an IPv4 address will be allocated.","description_kind":"plain","optional":true},"ipv6_addr":{"type":"string","description":"IPv6 address of cloud instance.Set a valid IP address for static allocation and leave empty if dynamically allocated.","description_kind":"plain","optional":true},"ipv6_cidr":{"type":"string","description":"The IPv6 cidr from which an IPv6 address will be allocated.","description_kind":"plain","optional":true},"network_view":{"type":"string","description":"network view name on NIOS server.","description_kind":"plain","optional":true},"ref":{"type":"string","description":"NIOS object's reference, not to be set by a user.","description_kind":"plain","computed":true},"ttl":{"type":"number","description":"TTL attribute value for the record.","description_kind":"plain","optional":true}},"description_kind":"plain"}},"infoblox_ip_association":{"version":0,"block":{"attributes":{"duid":{"type":"string","description":"DHCP unique identifier for IPv6.","description_kind":"plain","optional":true},"enable_dhcp":{"type":"bool","description":"The flag which defines if the host record is to be used for IPAM purposes.","description_kind":"plain","optional":true},"id":{"type":"string","description_kind":"plain","optional":true,"computed":true},"internal_id":{"type":"string","description":"This value must point to the ID of the appropriate allocation resource. Required on resource creation.","description_kind":"plain","optional":true},"mac_addr":{"type":"string","description":"MAC address of a cloud instance.","description_kind":"plain","optional":true},"ref":{"type":"string","description":"NIOS object's reference, not to be set by a user.","description_kind":"plain","computed":true}},"description_kind":"plain"}},"infoblox_ipv4_fixed_address":{"version":0,"block":{"attributes":{"agent_circuit_id":{"type":"string","description":"The agent circuit ID for the fixed address.","description_kind":"plain","optional":true},"agent_remote_id":{"type":"string","description":"The agent remote ID for the fixed address.","description_kind":"plain","optional":true},"client_identifier_prepend_zero":{"type":"bool","description":"This field controls whether there is a prepend for the dhcp-client-identifier of a fixed address.","description_kind":"plain","optional":true},"comment":{"type":"string","description":"Comment for the fixed address; maximum 256 characters.","description_kind":"plain","optional":true},"dhcp_client_identifier":{"type":"string","description":"The DHCP client ID for the fixed address. The field is required only when match_client is set to CLIENT_ID.","description_kind":"plain","optional":true},"disable":{"type":"bool","description":"Determines whether a fixed address is disabled or not. When this is set to False, the fixed address is enabled.","description_kind":"plain","optional":true},"ext_attrs":{"type":"string","description":"Extensible attributes of the A-record to be added/updated, as a map in JSON format","description_kind":"plain","optional":true},"id":{"type":"string","description_kind":"plain","optional":true,"computed":true},"internal_id":{"type":"string","description":"Internal ID of an object at NIOS side, used by Infoblox Terraform plugin to search for a NIOS's object which corresponds to the Terraform resource.","description_kind":"plain","computed":true},"ipv4addr":{"type":"string","description":"The IPv4 Address of the fixed address.","description_kind":"plain","optional":true},"mac":{"type":"string","description":"The MAC address value for this fixed address.","description_kind":"plain","optional":true},"match_client":{"type":"string","description":"The match client for the fixed address.Valid values are CIRCUIT_ID, CLIENT_ID , MAC_ADDRESS, REMOTE_ID and RESERVED","description_kind":"plain","optional":true},"name":{"type":"string","description":"This field contains the name of this fixed address.","description_kind":"plain","optional":true},"network":{"type":"string","description":"The network to which this fixed address belongs, in IPv4 Address/CIDR format.","description_kind":"plain","optional":true},"network_view":{"type":"string","description":"The name of the network view in which this fixed address resides.","description_kind":"plain","optional":true},"ref":{"type":"string","description":"NIOS object's reference, not to be set by a user.","description_kind":"plain","computed":true},"use_options":{"type":"bool","description":"Use option is a flag that indicates whether the options field are used or not.","description_kind":"plain","optional":true}},"block_types":{"options":{"nesting_mode":"list","block":{"attributes":{"name":{"type":"string","description":"Name of the DHCP option.","description_kind":"plain","optional":true},"num":{"type":"number","description":"The code of the DHCP option.","description_kind":"plain","optional":true},"use_option":{"type":"bool","description":"Only applies to special options that are displayed separately from other options and have a use flag. These options are: `routers`, `router-templates`, `domain-name-servers`, `domain-name`, `broadcast-address`, `broadcast-address-offset`, `dhcp-lease-time`, `dhcp6.name-servers`","description_kind":"plain","optional":true},"value":{"type":"string","description":"Value of the DHCP option.","description_kind":"plain","optional":true},"vendor_class":{"type":"string","description":"The name of the space this DHCP option is associated to.","description_kind":"plain","optional":true}},"description":"An array of DHCP option structs that lists the DHCP options associated with the object. An option sets thevalue of a DHCP option that has been defined in an option space. DHCP options describe network configuration settingsand various services available on the network. These options occur as variable-length fields at the end of DHCP messages.When defining a DHCP option, at least a ‘name’ or a ‘num’ is required.","description_kind":"plain"}}},"description_kind":"plain"}},"infoblox_ipv4_network":{"version":0,"block":{"attributes":{"allocate_prefix_len":{"type":"number","description":"Set the parameter's value \u003e 0 to allocate next available network with corresponding prefix length from the network container defined by 'parent_cidr'","description_kind":"plain","optional":true},"cidr":{"type":"string","description":"The network block in cidr format.","description_kind":"plain","optional":true,"computed":true},"comment":{"type":"string","description":"A string describing the network","description_kind":"plain","optional":true},"ext_attrs":{"type":"string","description":"The Extensible attributes of the Network","description_kind":"plain","optional":true},"filter_params":{"type":"string","description":"The parent network/network-container block's extensible attributes.","description_kind":"plain","optional":true},"gateway":{"type":"string","description":"Gateway's IP address of the network. By default, the first IP address is set as gateway address; if the value is 'none' then the network has no gateway.","description_kind":"plain","optional":true,"computed":true},"id":{"type":"string","description_kind":"plain","optional":true,"computed":true},"internal_id":{"type":"string","description":"Internal ID of an object at NIOS side, used by Infoblox Terraform plugin to search for a NIOS's object which corresponds to the Terraform resource.","description_kind":"plain","computed":true},"network_view":{"type":"string","description":"Network view name available in NIOS Server.","description_kind":"plain","optional":true},"object":{"type":"string","description":"The parent object from which the network will be allocated. Valid values are 'networkcontainer' and 'network'. Default value is 'networkcontainer'.","description_kind":"plain","optional":true},"parent_cidr":{"type":"string","description":"The parent network container block in cidr format to allocate from.","description_kind":"plain","optional":true},"ref":{"type":"string","description":"NIOS object's reference, not to be set by a user.","description_kind":"plain","computed":true},"reserve_ip":{"type":"number","description":"The number of IP's you want to reserve in IPv4 Network.","description_kind":"plain","optional":true,"computed":true},"reserve_ipv6":{"type":"number","description":"The number of IP's you want to reserve in IPv6 Network","description_kind":"plain","optional":true,"computed":true}},"description_kind":"plain"}},"infoblox_ipv4_network_container":{"version":0,"block":{"attributes":{"allocate_prefix_len":{"type":"number","description":"Set the parameter's value \u003e 0 to allocate next available network container with corresponding prefix length from the network container defined by 'parent_cidr'","description_kind":"plain","optional":true},"cidr":{"type":"string","description":"The network container's address, in CIDR format.","description_kind":"plain","optional":true,"computed":true},"comment":{"type":"string","description":"A description of the network container.","description_kind":"plain","optional":true},"ext_attrs":{"type":"string","description":"The Extensible attributes of the network container to be added/updated, as a map in JSON format","description_kind":"plain","optional":true},"filter_params":{"type":"string","description":"The parent network/network-container block's extensible attributes.","description_kind":"plain","optional":true},"id":{"type":"string","description_kind":"plain","optional":true,"computed":true},"internal_id":{"type":"string","description":"Internal ID of an object at NIOS side, used by Infoblox Terraform plugin to search for a NIOS's object which corresponds to the Terraform resource.","description_kind":"plain","computed":true},"network_view":{"type":"string","description":"The name of network view for the network container.","description_kind":"plain","optional":true},"parent_cidr":{"type":"string","description":"The parent network container block in CIDR format to allocate from.","description_kind":"plain","optional":true},"ref":{"type":"string","description":"NIOS object's reference, not to be set by a user.","description_kind":"plain","computed":true}},"description_kind":"plain"}},"infoblox_ipv4_range":{"version":0,"block":{"attributes":{"comment":{"type":"string","description":"Comment for the range; maximum 256 characters.","description_kind":"plain","optional":true},"disable":{"type":"bool","description":"Determines whether a range is disabled or not. When this is set to False, the range is enabled.\n\n","description_kind":"plain","optional":true},"end_addr":{"type":"string","description":"The IPv4 Address end address of the range.","description_kind":"plain","required":true},"ext_attrs":{"type":"string","description":"Extensible attributes of the range to be added/updated, as a map in JSON format.","description_kind":"plain","optional":true},"failover_association":{"type":"string","description":"TThe name of the failover association: the server in this failover association will serve the IPv4 range in case the main server is out of service.","description_kind":"plain","optional":true},"id":{"type":"string","description_kind":"plain","optional":true,"computed":true},"internal_id":{"type":"string","description":"Internal ID of an object at NIOS side, used by Infoblox Terraform plugin to search for a NIOS's object which corresponds to the Terraform resource.","description_kind":"plain","computed":true},"member":{"type":["map","string"],"description":"The member that will provide service for this range. server_association_type needs to be set to ‘MEMBER’ if you wantthe server specified here to serve the range.","description_kind":"plain","optional":true},"ms_server":{"type":"string","description":"The Microsoft server that will provide service for this range. `server_association_type` needs to be set to `MS_SERVER` +if you want the server specified here to serve the range. For searching by this field you should use a HTTP method that contains abody (POST or PUT) with MS DHCP server structure and the request should have option _method=GET.","description_kind":"plain","optional":true},"name":{"type":"string","description":"Name of the range.","description_kind":"plain","optional":true},"network":{"type":"string","description":"The network to which this range belongs, in IPv4 Address/CIDR format.","description_kind":"plain","optional":true},"network_view":{"type":"string","description":"The name of the network view in which this range resides.","description_kind":"plain","optional":true},"ref":{"type":"string","description":"NIOS object's reference, not to be set by a user.","description_kind":"plain","computed":true},"server_association_type":{"type":"string","description":"The type of server that is going to serve the range. The valid values are: 'FAILOVER', 'MEMBER', 'NONE'.'MS_FAILOVER','MS_SERVER'","description_kind":"plain","optional":true},"start_addr":{"type":"string","description":"The IPv4 Address starting address of the range.","description_kind":"plain","required":true},"template":{"type":"string","description":"If set on creation, the range will be created according to the values specified in the named template.","description_kind":"plain","optional":true},"use_options":{"type":"bool","description":"Use flag for options.","description_kind":"plain","optional":true}},"block_types":{"options":{"nesting_mode":"list","block":{"attributes":{"name":{"type":"string","description":"Name of the DHCP option.","description_kind":"plain","optional":true},"num":{"type":"number","description":"The code of the DHCP option.","description_kind":"plain","optional":true},"use_option":{"type":"bool","description":"Only applies to special options that are displayed separately from other options and have a use flag. These options are: `routers`, `router-templates`, `domain-name-servers`, `domain-name`, `broadcast-address`, `broadcast-address-offset`, `dhcp-lease-time`, `dhcp6.name-servers`","description_kind":"plain","optional":true},"value":{"type":"string","description":"Value of the DHCP option.","description_kind":"plain","optional":true},"vendor_class":{"type":"string","description":"The name of the space this DHCP option is associated to.","description_kind":"plain","optional":true}},"description":"An array of DHCP option structs that lists the DHCP options associated with the object. An option sets thevalue of a DHCP option that has been defined in an option space. DHCP options describe network configuration settingsand various services available on the network. These options occur as variable-length fields at the end of DHCP messages.When defining a DHCP option, at least a ‘name’ or a ‘num’ is required.","description_kind":"plain"}}},"description_kind":"plain"}},"infoblox_ipv4_range_template":{"version":0,"block":{"attributes":{"cloud_api_compatible":{"type":"bool","description":"This flag controls whether this template can be used to create network objects in a cloud-computing deployment.","description_kind":"plain","optional":true},"comment":{"type":"string","description":"Comment for the Range Template record.","description_kind":"plain","optional":true},"ext_attrs":{"type":"string","description":"Extensible attributes of the  Range Template Record to be added/updated, as a map in JSON format","description_kind":"plain","optional":true},"failover_association":{"type":"string","description":"The name of the failover association: the server in this failover association will serve the IPv4 range in case the main server is out of service. `server_association_type` must be set to ‘FAILOVER’ or ‘FAILOVER_MS’ if you want the failover association specified here to serve the range.","description_kind":"plain","optional":true},"id":{"type":"string","description_kind":"plain","optional":true,"computed":true},"internal_id":{"type":"string","description":"Internal ID of an object at NIOS side, used by Infoblox Terraform plugin to search for a NIOS's object which corresponds to the Terraform resource.","description_kind":"plain","computed":true},"member":{"type":["map","string"],"description":"The member that will provide service for this range. server_association_type needs to be set to ‘MEMBER’ if you wantthe server specified here to serve the range.","description_kind":"plain","optional":true},"ms_server":{"type":"string","description":"The Microsoft server that will provide service for this range. `server_association_type` needs to be set to `MS_SERVER` +if you want the server specified here to serve the range. For searching by this field you should use a HTTP method that contains abody (POST or PUT) with MS DHCP server structure and the request should have option _method=GET.","description_kind":"plain","optional":true},"name":{"type":"string","description":"Name of the Range Template record.","description_kind":"plain","required":true},"number_of_addresses":{"type":"number","description":"The number of addresses for this range.","description_kind":"plain","required":true},"offset":{"type":"number","description":"The start address offset for the range.","description_kind":"plain","required":true},"ref":{"type":"string","description":"NIOS object's reference, not to be set by a user.","description_kind":"plain","computed":true},"server_association_type":{"type":"string","description":"The type of server that is going to serve the range. Valid values are: `FAILOVER`, `MEMBER`, `MS_FAILOVER`, `MS_SERVER`, `NONE`. Default value is `NONE`","description_kind":"plain","optional":true},"use_options":{"type":"bool","description":"Use flag for options.","description_kind":"plain","optional":true}},"block_types":{"options":{"nesting_mode":"list","block":{"attributes":{"name":{"type":"string","description":"Name of the DHCP option.","description_kind":"plain","optional":true},"num":{"type":"number","description":"The code of the DHCP option.","description_kind":"plain","optional":true},"use_option":{"type":"bool","description":"Only applies to special options that are displayed separately from other options and have a use flag. These options are: `routers`, `router-templates`, `domain-name-servers`, `domain-name`, `broadcast-address`, `broadcast-address-offset`, `dhcp-lease-time`, `dhcp6.name-servers`","description_kind":"plain","optional":true},"value":{"type":"string","description":"Value of the DHCP option.","description_kind":"plain","optional":true},"vendor_class":{"type":"string","description":"The name of the space this DHCP option is associated to.","description_kind":"plain","optional":true}},"description":"An array of DHCP option structs that lists the DHCP options associated with the object. An option sets thevalue of a DHCP option that has been defined in an option space. DHCP options describe network configuration settingsand various services available on the network. These options occur as variable-length fields at the end of DHCP messages.When defining a DHCP option, at least a ‘name’ or a ‘num’ is required.","description_kind":"plain"}}},"description_kind":"plain"}},"infoblox_ipv4_shared_network":{"version":0,"block":{"attributes":{"comment":{"type":"string","description":"The comment for the IPv4 shared network object.","description_kind":"plain","optional":true},"disable":{"type":"bool","description":"The disable flag for the IPv4 shared network object.","description_kind":"plain","optional":true},"ext_attrs":{"type":"string","description":"Extensible attributes of the IPv4 Shared Network record to be added/updated, as a map in JSON format.","description_kind":"plain","optional":true},"id":{"type":"string","description_kind":"plain","optional":true,"computed":true},"internal_id":{"type":"string","description":"Internal ID of an object at NIOS side, used by Infoblox Terraform plugin to search for a NIOS's object which corresponds to the Terraform resource.","description_kind":"plain","computed":true},"name":{"type":"string","description":"The name of the IPv4 shared network object.","description_kind":"plain","required":true},"network_view":{"type":"string","description":"The name of the network view in which this shared network resides.","description_kind":"plain","optional":true},"networks":{"type":["list","string"],"description":"A list of networks belonging to the shared network","description_kind":"plain","required":true},"ref":{"type":"string","description":"NIOS object's reference, not to be set by a user.","description_kind":"plain","computed":true},"use_options":{"type":"bool","description":"Use flag for options.","description_kind":"plain","optional":true}},"block_types":{"options":{"nesting_mode":"list","block":{"attributes":{"name":{"type":"string","description":"Name of the DHCP option.","description_kind":"plain","optional":true},"num":{"type":"number","description":"The code of the DHCP option.","description_kind":"plain","optional":true},"use_option":{"type":"bool","description":"Only applies to special options that are displayed separately from other options and have a use flag. These options are: `routers`, `router-templates`, `domain-name-servers`, `domain-name`, `broadcast-address`, `broadcast-address-offset`, `dhcp-lease-time`, `dhcp6.name-servers`","description_kind":"plain","optional":true},"value":{"type":"string","description":"Value of the DHCP option.","description_kind":"plain","optional":true},"vendor_class":{"type":"string","description":"The name of the space this DHCP option is associated to.","description_kind":"plain","optional":true}},"description":"An array of DHCP option structs that lists the DHCP options associated with the object. An option sets thevalue of a DHCP option that has been defined in an option space. DHCP options describe network configuration settingsand various services available on the network. These options occur as variable-length fields at the end of DHCP messages.When defining a DHCP option, at least a ‘name’ or a ‘num’ is required.","description_kind":"plain"}}},"description_kind":"plain"}},"infoblox_ipv6_network":{"version":0,"block":{"attributes":{"allocate_prefix_len":{"type":"number","description":"Set the parameter's value \u003e 0 to allocate next available network with corresponding prefix length from the network container defined by 'parent_cidr'","description_kind":"plain","optional":true},"cidr":{"type":"string","description":"The network block in cidr format.","description_kind":"plain","optional":true,"computed":true},"comment":{"type":"string","description":"A string describing the network","description_kind":"plain","optional":true},"ext_attrs":{"type":"string","description":"The Extensible attributes of the Network","description_kind":"plain","optional":true},"filter_params":{"type":"string","description":"The parent network/network-container block's extensible attributes.","description_kind":"plain","optional":true},"gateway":{"type":"string","description":"Gateway's IP address of the network. By default, the first IP address is set as gateway address; if the value is 'none' then the network has no gateway.","description_kind":"plain","optional":true,"computed":true},"id":{"type":"string","description_kind":"plain","optional":true,"computed":true},"internal_id":{"type":"string","description":"Internal ID of an object at NIOS side, used by Infoblox Terraform plugin to search for a NIOS's object which corresponds to the Terraform resource.","description_kind":"plain","computed":true},"network_view":{"type":"string","description":"Network view name available in NIOS Server.","description_kind":"plain","optional":true},"object":{"type":"string","description":"The parent object from which the network will be allocated. Valid values are 'networkcontainer' and 'network'. Default value is 'networkcontainer'.","description_kind":"plain","optional":true},"parent_cidr":{"type":"string","description":"The parent network container block in cidr format to allocate from.","description_kind":"plain","optional":true},"ref":{"type":"string","description":"NIOS object's reference, not to be set by a user.","description_kind":"plain","computed":true},"reserve_ip":{"type":"number","description":"The number of IP's you want to reserve in IPv4 Network.","description_kind":"plain","optional":true,"computed":true},"reserve_ipv6":{"type":"number","description":"The number of IP's you want to reserve in IPv6 Network","description_kind":"plain","optional":true,"computed":true}},"description_kind":"plain"}},"infoblox_ipv6_network_container":{"version":0,"block":{"attributes":{"allocate_prefix_len":{"type":"number","description":"Set the parameter's value \u003e 0 to allocate next available network container with corresponding prefix length from the network container defined by 'parent_cidr'","description_kind":"plain","optional":true},"cidr":{"type":"string","description":"The network container's address, in CIDR format.","description_kind":"plain","optional":true,"computed":true},"comment":{"type":"string","description":"A description of the network container.","description_kind":"plain","optional":true},"ext_attrs":{"type":"string","description":"The Extensible attributes of the network container to be added/updated, as a map in JSON format","description_kind":"plain","optional":true},"filter_params":{"type":"string","description":"The parent network/network-container block's extensible attributes.","description_kind":"plain","optional":true},"id":{"type":"string","description_kind":"plain","optional":true,"computed":true},"internal_id":{"type":"string","description":"Internal ID of an object at NIOS side, used by Infoblox Terraform plugin to search for a NIOS's object which corresponds to the Terraform resource.","description_kind":"plain","computed":true},"network_view":{"type":"string","description":"The name of network view for the network container.","description_kind":"plain","optional":true},"parent_cidr":{"type":"string","description":"The parent network container block in CIDR format to allocate from.","description_kind":"plain","optional":true},"ref":{"type":"string","description":"NIOS object's reference, not to be set by a user.","description_kind":"plain","computed":true}},"description_kind":"plain"}},"infoblox_mx_record":{"version":0,"block":{"attributes":{"comment":{"type":"string","description":"Description of the MX-Record.","description_kind":"plain","optional":true},"dns_view":{"type":"string","description":"DNS view which the zone does exist within","description_kind":"plain","optional":true},"ext_attrs":{"type":"string","description":"Extensible attributes of the MX-record to be added/updated, as a map in JSON format.","description_kind":"plain","optional":true},"fqdn":{"type":"string","description":"FQDN for the MX-record.","description_kind":"plain","required":true},"id":{"type":"string","description_kind":"plain","optional":true,"computed":true},"internal_id":{"type":"string","description":"Internal ID of an object at NIOS side, used by Infoblox Terraform plugin to search for a NIOS's object which corresponds to the Terraform resource.","description_kind":"plain","computed":true},"mail_exchanger":{"type":"string","description":"A record used to specify mail server.","description_kind":"plain","required":true},"preference":{"type":"number","description":"Configures the preference (0-65535) for this MX-record.","description_kind":"plain","required":true},"ref":{"type":"string","description":"NIOS object's reference, not to be set by a user.","description_kind":"plain","computed":true},"ttl":{"type":"number","description":"TTL value for the MX-record.","description_kind":"plain","optional":true}},"description_kind":"plain"}},"infoblox_network_view":{"version":0,"block":{"attributes":{"comment":{"type":"string","description":"A description of the network view.","description_kind":"plain","optional":true},"ext_attrs":{"type":"string","description":"The Extensible attributes of the network container to be added/updated, as a map in JSON format","description_kind":"plain","optional":true},"id":{"type":"string","description_kind":"plain","optional":true,"computed":true},"internal_id":{"type":"string","description":"Internal ID of an object at NIOS side, used by Infoblox Terraform plugin to search for a NIOS's object which corresponds to the Terraform resource.","description_kind":"plain","computed":true},"name":{"type":"string","description":"Specifies the desired name of the network view as shown in the NIOS appliance. The name has the same requirements as the corresponding parameter in WAPI.","description_kind":"plain","required":true},"ref":{"type":"string","description":"NIOS object's reference, not to be set by a user.","description_kind":"plain","computed":true}},"description_kind":"plain"}},"infoblox_ns_record":{"version":0,"block":{"attributes":{"dns_view":{"type":"string","description":"The name of the DNS view in which the record resides.Example: “external”.","description_kind":"plain","optional":true},"id":{"type":"string","description_kind":"plain","optional":true,"computed":true},"name":{"type":"string","description":"The name of the NS record in FQDN format. This value can be in unicode format.","description_kind":"plain","required":true},"nameserver":{"type":"string","description":"The domain name of an authoritative server for the redirected zone.","description_kind":"plain","required":true},"ref":{"type":"string","description":"NIOS object's reference, not to be set by a user.","description_kind":"plain","computed":true}},"block_types":{"addresses":{"nesting_mode":"list","block":{"attributes":{"address":{"type":"string","description":"he address of the Zone Name Server.","description_kind":"plain","required":true},"auto_create_ptr":{"type":"bool","description":"Flag to indicate if ptr records need to be auto created.","description_kind":"plain","optional":true}},"description":"The list of zone name servers.","description_kind":"plain"},"min_items":1}},"description_kind":"plain"}},"infoblox_ptr_record":{"version":0,"block":{"attributes":{"cidr":{"type":"string","description":"The network address in cidr format under which record has to be created.","description_kind":"plain","optional":true},"comment":{"type":"string","description":"A description about PTR record.","description_kind":"plain","optional":true},"dns_view":{"type":"string","description":"Dns View under which the zone has been created.","description_kind":"plain","optional":true},"ext_attrs":{"type":"string","description":"The Extensible attributes of PTR record to be added/updated, as a map in JSON format","description_kind":"plain","optional":true},"id":{"type":"string","description_kind":"plain","optional":true,"computed":true},"internal_id":{"type":"string","description":"Internal ID of an object at NIOS side, used by Infoblox Terraform plugin to search for a NIOS's object which corresponds to the Terraform resource.","description_kind":"plain","computed":true},"ip_addr":{"type":"string","description":"IPv4/IPv6 address for record creation. Set the field with valid IP for static allocation. If to be dynamically allocated set cidr field","description_kind":"plain","optional":true,"computed":true},"network_view":{"type":"string","description":"Network view name of NIOS server.","description_kind":"plain","optional":true,"computed":true},"ptrdname":{"type":"string","description":"The domain name in FQDN to which the record should point to.","description_kind":"plain","required":true},"record_name":{"type":"string","description":"The name of the DNS PTR record in FQDN format","description_kind":"plain","optional":true,"computed":true},"ref":{"type":"string","description":"NIOS object's reference, not to be set by a user.","description_kind":"plain","computed":true},"ttl":{"type":"number","description":"TTL attribute value for the record.","description_kind":"plain","optional":true}},"description_kind":"plain"}},"infoblox_srv_record":{"version":0,"block":{"attributes":{"comment":{"type":"string","description":"Description of the SRV-record","description_kind":"plain","optional":true},"dns_view":{"type":"string","description":"DNS view which the zone does exist within","description_kind":"plain","optional":true},"ext_attrs":{"type":"string","description":"Extensible attributes of the SRV-record to be added/updated, as a map in JSON format.","description_kind":"plain","optional":true},"id":{"type":"string","description_kind":"plain","optional":true,"computed":true},"internal_id":{"type":"string","description":"Internal ID of an object at NIOS side, used by Infoblox Terraform plugin to search for a NIOS's object which corresponds to the Terraform resource.","description_kind":"plain","computed":true},"name":{"type":"string","description":"Combination of service's name, protocol's name and zone's name","description_kind":"plain","required":true},"port":{"type":"number","description":"Configures port number (0..65535) for this SRV-record.","description_kind":"plain","required":true},"priority":{"type":"number","description":"Configures the priority (0..65535) for this SRV-record.","description_kind":"plain","required":true},"ref":{"type":"string","description":"NIOS object's reference, not to be set by a user.","description_kind":"plain","computed":true},"target":{"type":"string","description":"Provides service for domain name in the SRV-record.","description_kind":"plain","required":true},"ttl":{"type":"number","description":"TTL value for the SRV-record.","description_kind":"plain","optional":true},"weight":{"type":"number","description":"Configures weight of the SRV-record, valid values are 0..65535.","description_kind":"plain","required":true}},"description_kind":"plain"}},"infoblox_txt_record":{"version":0,"block":{"attributes":{"comment":{"type":"string","description":"Description of the TXT-record.","description_kind":"plain","optional":true},"dns_view":{"type":"string","description":"DNS view in which the record's zone exists.","description_kind":"plain","optional":true},"ext_attrs":{"type":"string","description":"Extensible attributes of the TXT-record to be added/updated, as a map in JSON format","description_kind":"plain","optional":true},"fqdn":{"type":"string","description":"FQDN for the TXT-Record.","description_kind":"plain","required":true},"id":{"type":"string","description_kind":"plain","optional":true,"computed":true},"internal_id":{"type":"string","description":"Internal ID of an object at NIOS side, used by Infoblox Terraform plugin to search for a NIOS's object which corresponds to the Terraform resource.","description_kind":"plain","computed":true},"ref":{"type":"string","description":"NIOS object's reference, not to be set by a user.","description_kind":"plain","computed":true},"text":{"type":"string","description":"Data to be associated with TXT_Record.","description_kind":"plain","optional":true},"ttl":{"type":"number","description":"TTL value of the TXT-Record","description_kind":"plain","optional":true}},"description_kind":"plain"}},"infoblox_zone_auth":{"version":0,"block":{"attributes":{"comment":{"type":"string","description":"Comment for the zone; maximum 256 characters.","description_kind":"plain","optional":true},"ext_attrs":{"type":"string","description":"The Extensible attributes of the zone, as a map in JSON format","description_kind":"plain","optional":true},"fqdn":{"type":"string","description":"The name of this DNS zone. For a reverse zone, this is in 'address/cidr' format. For other zones, this is in FQDN format. This value can be in unicode format. Note that for a reverse zone, the corresponding zone_format value should be set.","description_kind":"plain","required":true},"id":{"type":"string","description_kind":"plain","optional":true,"computed":true},"internal_id":{"type":"string","description":"Internal ID of an object at NIOS side, used by Infoblox Terraform plugin to search for a NIOS's object which corresponds to the Terraform resource.","description_kind":"plain","computed":true},"ns_group":{"type":"string","description":"The name server group that serves DNS for this zone.","description_kind":"plain","optional":true},"ref":{"type":"string","description":"NIOS object's reference, not to be set by a user.","description_kind":"plain","computed":true},"restart_if_needed":{"type":"bool","description":"Restarts the member service.","description_kind":"plain","optional":true},"soa_default_ttl":{"type":"number","description":"The Time to Live (TTL) value of the SOA record of this zone. This value is the number of seconds that data is cached.","description_kind":"plain","optional":true},"soa_expire":{"type":"number","description":"This setting defines the amount of time, in seconds, after which the secondary server stops giving out answers about the zone because the zone data is too old to be useful. The default is one week.","description_kind":"plain","optional":true},"soa_negative_ttl":{"type":"number","description":"The negative Time to Live (TTL) value of the SOA of the zone indicates how long a secondary server can cache data for 'Does Not Respond' responses.","description_kind":"plain","optional":true},"soa_refresh":{"type":"number","description":"This indicates the interval at which a secondary server sends a message to the primary server for a zone to check that its data is current, and retrieve fresh data if it is not.","description_kind":"plain","optional":true},"soa_retry":{"type":"number","description":"This indicates how long a secondary server must wait before attempting to recontact the primary server after a connection failure between the two servers occurs.","description_kind":"plain","optional":true},"view":{"type":"string","description":"The name of the DNS view in which the zone resides. Example: 'external'","description_kind":"plain","optional":true,"computed":true},"zone_format":{"type":"string","description":"Determines the format of this zone. Valid values are: FORWARD, IPV4, IPV6; the default is FORWARD","description_kind":"plain","optional":true,"computed":true}},"description_kind":"plain"}},"infoblox_zone_delegated":{"version":0,"block":{"attributes":{"comment":{"type":"string","description":"A descriptive comment.","description_kind":"plain","optional":true},"delegated_ttl":{"type":"number","description":"TTL value for zone-delegated.","description_kind":"plain","optional":true},"disable":{"type":"bool","description":"Determines if the zone is disabled or not.","description_kind":"plain","optional":true},"ext_attrs":{"type":"string","description":"Extensible attributes, as a map in JSON format","description_kind":"plain","optional":true},"fqdn":{"type":"string","description":"The FQDN of the delegated zone.","description_kind":"plain","required":true},"id":{"type":"string","description_kind":"plain","optional":true,"computed":true},"internal_id":{"type":"string","description":"Internal ID of an object at NIOS side, used by Infoblox Terraform plugin to search for a NIOS's object which corresponds to the Terraform resource.","description_kind":"plain","computed":true},"locked":{"type":"bool","description":"If you enable this flag, other administrators cannot make conflicting changes. This is for administration purposes only. The zone will continue to serve DNS data even when it is locked.","description_kind":"plain","optional":true},"ns_group":{"type":"string","description":"The delegation NS group bound with delegated zone.","description_kind":"plain","optional":true},"ref":{"type":"string","description":"NIOS object's reference, not to be set by a user.","description_kind":"plain","computed":true},"view":{"type":"string","description":"The DNS view in which the zone is created.","description_kind":"plain","optional":true},"zone_format":{"type":"string","description":"The format of the zone. Valid values are: FORWARD, IPV4, IPV6.","description_kind":"plain","optional":true}},"block_types":{"delegate_to":{"nesting_mode":"list","block":{"attributes":{"address":{"type":"string","description":"The IPv4 Address or IPv6 Address of the server.","description_kind":"plain","required":true},"name":{"type":"string","description":"A resolvable domain name for the external DNS server.","description_kind":"plain","required":true}},"description":"The Infoblox appliance redirects queries for data for the delegated zone to this remote name server.","description_kind":"plain"}}},"description_kind":"plain"}},"infoblox_zone_forward":{"version":0,"block":{"attributes":{"comment":{"type":"string","description":"A descriptive comment.","description_kind":"plain","optional":true},"disable":{"type":"bool","description":"Determines if the zone is disabled or not.","description_kind":"plain","optional":true},"ext_attrs":{"type":"string","description":"Extensible attributes of the zone forward to be added/updated, as a map in JSON format.","description_kind":"plain","optional":true},"external_ns_group":{"type":"string","description":"A forward stub server name server group.","description_kind":"plain","optional":true},"forwarders_only":{"type":"bool","description":"Determines if the appliance sends queries to forwarders only, and not to other internal or Internet root servers.","description_kind":"plain","optional":true},"fqdn":{"type":"string","description":"The name of this DNS zone","description_kind":"plain","required":true},"id":{"type":"string","description_kind":"plain","optional":true,"computed":true},"internal_id":{"type":"string","description":"Internal ID of an object at NIOS side, used by Infoblox Terraform plugin to search for a NIOS's object which corresponds to the Terraform resource.","description_kind":"plain","computed":true},"ns_group":{"type":"string","description":"A forwarding member name server group.","description_kind":"plain","optional":true},"ref":{"type":"string","description":"NIOS object's reference, not to be set by a user.","description_kind":"plain","computed":true},"view":{"type":"string","description":"The DNS view in which the zone is created.","description_kind":"plain","optional":true},"zone_format":{"type":"string","description":"The format of the zone. Valid values are: FORWARD, IPV4, IPV6.","description_kind":"plain","optional":true}},"block_types":{"forward_to":{"nesting_mode":"list","block":{"attributes":{"address":{"type":"string","description":"The IP address of the remote name server to which you want the Infoblox appliance to forward queries for a specified domain name.","description_kind":"plain","required":true},"name":{"type":"string","description":"The name of the remote name server to which you want the Infoblox appliance to forward queries for a specified domain name.","description_kind":"plain","required":true}},"description":"The information for the remote name servers to which you want the Infoblox appliance to forward queries for a specified domain name.","description_kind":"plain"}},"forwarding_servers":{"nesting_mode":"list","block":{"attributes":{"forwarders_only":{"type":"bool","description":"Determines if the appliance sends queries to forwarders only, and not to other internal or Internet root servers.","description_kind":"plain","optional":true},"name":{"type":"string","description":"The name of this Grid member in FQDN format.","description_kind":"plain","required":true},"use_override_forwarders":{"type":"bool","description":"Determines if the appliance sends queries to name servers.","description_kind":"plain","optional":true}},"block_types":{"forward_to":{"nesting_mode":"list","block":{"attributes":{"address":{"type":"string","description":"The IP address of the remote name server to which you want the Infoblox appliance to forward queries for a specified domain name.","description_kind":"plain","required":true},"name":{"type":"string","description":"The name of the remote name server to which you want the Infoblox appliance to forward queries for a specified domain name.","description_kind":"plain","required":true}},"description":"The information for the remote name servers to which you want the Infoblox appliance to forward queries for a specified domain name.","description_kind":"plain"}}},"description":"The information for the remote name servers to which you want the Infoblox appliance to forward queries for a specified domain name.","description_kind":"plain"}}},"description_kind":"plain"}}},"data_source_schemas":{"infoblox_a_record":{"version":0,"block":{"attributes":{"filters":{"type":["map","string"],"description_kind":"plain","required":true},"id":{"type":"string","description_kind":"plain","optional":true,"computed":true},"results":{"type":["list",["object",{"comment":"string","dns_view":"string","ext_attrs":"string","fqdn":"string","id":"string","ip_addr":"string","ttl":"number","zone":"string"}]],"description":"List of A records matching filters","description_kind":"plain","computed":true}},"description_kind":"plain"}},"infoblox_aaaa_record":{"version":0,"block":{"attributes":{"filters":{"type":["map","string"],"description_kind":"plain","required":true},"id":{"type":"string","description_kind":"plain","optional":true,"computed":true},"results":{"type":["list",["object",{"comment":"string","dns_view":"string","ext_attrs":"string","fqdn":"string","id":"string","ipv6_addr":"string","ttl":"number","zone":"string"}]],"description":"List of AAAA Records matching filters.","description_kind":"plain","computed":true}},"description_kind":"plain"}},"infoblox_alias_record":{"version":0,"block":{"attributes":{"filters":{"type":["map","string"],"description_kind":"plain","required":true},"id":{"type":"string","description_kind":"plain","optional":true,"computed":true},"results":{"type":["list",["object",{"cloud_info":"string","comment":"string","creator":"string","disable":"bool","dns_name":"string","dns_target_name":"string","dns_view":"string","ext_attrs":"string","id":"string","name":"string","target_name":"string","target_type":"string","ttl":"number","zone":"string"}]],"description":"List of Alias records matching filters","description_kind":"plain","computed":true}},"description_kind":"plain"}},"infoblox_cname_record":{"version":0,"block":{"attributes":{"filters":{"type":["map","string"],"description_kind":"plain","required":true},"id":{"type":"string","description_kind":"plain","optional":true,"computed":true},"results":{"type":["list",["object",{"alias":"string","canonical":"string","comment":"string","dns_view":"string","ext_attrs":"string","id":"string","ttl":"number","zone":"string"}]],"description":"List of CNAME Records matching filters","description_kind":"plain","computed":true}},"description_kind":"plain"}},"infoblox_dns_view":{"version":0,"block":{"attributes":{"filters":{"type":["map","string"],"description_kind":"plain","required":true},"id":{"type":"string","description_kind":"plain","optional":true,"computed":true},"results":{"type":["list",["object",{"comment":"string","ext_attrs":"string","id":"string","name":"string","network_view":"string"}]],"description":"List of DNS View matching filters.","description_kind":"plain","computed":true}},"description_kind":"plain"}},"infoblox_dtc_lbdn":{"version":0,"block":{"attributes":{"filters":{"type":["map","string"],"description_kind":"plain","required":true},"id":{"type":"string","description_kind":"plain","optional":true,"computed":true},"results":{"type":["list",["object",{"auth_zones":["list",["object",{"dns_view":"string","fqdn":"string"}]],"auto_consolidated_monitors":"bool","comment":"string","disable":"bool","ext_attrs":"string","health":["map","string"],"id":"string","lb_method":"string","name":"string","patterns":["list","string"],"persistence":"number","pools":["list",["object",{"pool":"string","ratio":"number"}]],"priority":"number","topology":"string","ttl":"number","types":["list","string"]}]],"description":"List of DTC LBDN Records matching filters","description_kind":"plain","computed":true}},"description_kind":"plain"}},"infoblox_dtc_pool":{"version":0,"block":{"attributes":{"filters":{"type":["map","string"],"description_kind":"plain","required":true},"id":{"type":"string","description_kind":"plain","optional":true,"computed":true},"results":{"type":["list",["object",{"auto_consolidated_monitors":"bool","availability":"string","comment":"string","consolidated_monitors":["list",["object",{"availability":"string","full_health_communication":"bool","members":["list","string"],"monitor_name":"string","monitor_type":"string"}]],"disable":"bool","ext_attrs":"string","health":["map","string"],"id":"string","lb_alternate_method":"string","lb_alternate_topology":"string","lb_dynamic_ratio_alternate":"string","lb_dynamic_ratio_preferred":"string","lb_preferred_method":"string","lb_preferred_topology":"string","monitors":["list",["object",{"monitor_name":"string","monitor_type":"string"}]],"name":"string","quorum":"number","servers":["list",["object",{"ratio":"number","server":"string"}]],"ttl":"number"}]],"description_kind":"plain","computed":true}},"description_kind":"plain"}},"infoblox_dtc_server":{"version":0,"block":{"attributes":{"filters":{"type":["map","string"],"description_kind":"plain","required":true},"id":{"type":"string","description_kind":"plain","optional":true,"computed":true},"results":{"type":["list",["object",{"auto_create_host_record":"bool","comment":"string","disable":"bool","ext_attrs":"string","health":["map","string"],"host":"string","id":"string","monitors":["list",["object",{"host":"string","monitor_name":"string","monitor_type":"string"}]],"name":"string","sni_hostname":"string","use_sni_hostname":"bool"}]],"description":"List of A records matching filters","description_kind":"plain","computed":true}},"description_kind":"plain"}},"infoblox_host_record":{"version":0,"block":{"attributes":{"filters":{"type":["map","string"],"description_kind":"plain","required":true},"id":{"type":"string","description_kind":"plain","optional":true,"computed":true},"results":{"type":["list",["object",{"aliases":["list","string"],"comment":"string","disable":"bool","dns_view":"string","duid":"string","enable_dhcp":"bool","enable_dns":"bool","ext_attrs":"string","fqdn":"string","id":"string","ipv4_addr":"string","ipv6_addr":"string","mac_addr":"string","ttl":"number","zone":"string"}]],"description":"List of Host records matching filters","description_kind":"plain","computed":true}},"description_kind":"plain"}},"infoblox_ipv4_fixed_address":{"version":0,"block":{"attributes":{"filters":{"type":["map","string"],"description_kind":"plain","required":true},"id":{"type":"string","description_kind":"plain","optional":true,"computed":true},"results":{"type":["list",["object",{"agent_circuit_id":"string","agent_remote_id":"string","client_identifier_prepend_zero":"bool","cloud_info":"string","comment":"string","dhcp_client_identifier":"string","disable":"bool","ext_attrs":"string","id":"string","ipv4addr":"string","mac":"string","match_client":"string","name":"string","network":"string","network_view":"string","options":["list",["object",{"name":"string","num":"number","use_option":"bool","value":"string","vendor_class":"string"}]],"use_options":"bool"}]],"description":"List of fixed address matching filters","description_kind":"plain","computed":true}},"description_kind":"plain"}},"infoblox_ipv4_network":{"version":0,"block":{"attributes":{"filters":{"type":["map","string"],"description_kind":"plain","required":true},"id":{"type":"string","description_kind":"plain","optional":true,"computed":true},"results":{"type":["list",["object",{"cidr":"string","comment":"string","ext_attrs":"string","id":"string","network_view":"string","options":["list",["object",{"name":"string","num":"number","use_option":"bool","value":"string","vendor_class":"string"}]],"utilization":"number"}]],"description":"List of networks matching filters.","description_kind":"plain","computed":true}},"description_kind":"plain"}},"infoblox_ipv4_network_container":{"version":0,"block":{"attributes":{"filters":{"type":["map","string"],"description_kind":"plain","required":true},"id":{"type":"string","description_kind":"plain","optional":true,"computed":true},"results":{"type":["list",["object",{"cidr":"string","comment":"string","ext_attrs":"string","id":"string","network_view":"string"}]],"description":"List of networks matching filters.","description_kind":"plain","computed":true}},"description_kind":"plain"}},"infoblox_ipv4_range":{"version":0,"block":{"attributes":{"filters":{"type":["map","string"],"description_kind":"plain","required":true},"id":{"type":"string","description_kind":"plain","optional":true,"computed":true},"results":{"type":["list",["object",{"cloud_info":"string","comment":"string","disable":"bool","end_addr":"string","ext_attrs":"string","failover_association":"string","id":"string","member":["map","string"],"ms_server":"string","name":"string","network":"string","network_view":"string","options":["list",["object",{"name":"string","num":"number","use_option":"bool","value":"string","vendor_class":"string"}]],"server_association_type":"string","start_addr":"string","use_options":"bool"}]],"description":"List of Network Range matching filters","description_kind":"plain","computed":true}},"description_kind":"plain"}},"infoblox_ipv4_range_template":{"version":0,"block":{"attributes":{"filters":{"type":["map","string"],"description_kind":"plain","required":true},"id":{"type":"string","description_kind":"plain","optional":true,"computed":true},"results":{"type":["list",["object",{"cloud_api_compatible":"bool","comment":"string","ext_attrs":"string","failover_association":"string","id":"string","member":["map","string"],"ms_server":"string","name":"string","number_of_addresses":"number","offset":"number","options":["list",["object",{"name":"string","num":"number","use_option":"bool","value":"string","vendor_class":"string"}]],"server_association_type":"string","use_options":"bool"}]],"description":"List of PTR Records matching filters","description_kind":"plain","computed":true}},"description_kind":"plain"}},"infoblox_ipv4_shared_network":{"version":0,"block":{"attributes":{"filters":{"type":["map","string"],"description_kind":"plain","required":true},"id":{"type":"string","description_kind":"plain","optional":true,"computed":true},"results":{"type":["list",["object",{"comment":"string","disable":"bool","ext_attrs":"string","id":"string","name":"string","network_view":"string","networks":["list","string"],"options":["list",["object",{"name":"string","num":"number","use_option":"bool","value":"string","vendor_class":"string"}]],"use_options":"bool"}]],"description":"List of AAAA Records matching filters.","description_kind":"plain","computed":true}},"description_kind":"plain"}},"infoblox_ipv6_network":{"version":0,"block":{"attributes":{"filters":{"type":["map","string"],"description_kind":"plain","required":true},"id":{"type":"string","description_kind":"plain","optional":true,"computed":true},"results":{"type":["list",["object",{"cidr":"string","comment":"string","ext_attrs":"string","id":"string","network_view":"string","options":["list",["object",{"name":"string","num":"number","use_option":"bool","value":"string","vendor_class":"string"}]],"utilization":"number"}]],"description":"List of networks matching filters.","description_kind":"plain","computed":true}},"description_kind":"plain"}},"infoblox_ipv6_network_container":{"version":0,"block":{"attributes":{"filters":{"type":["map","string"],"description_kind":"plain","required":true},"id":{"type":"string","description_kind":"plain","optional":true,"computed":true},"results":{"type":["list",["object",{"cidr":"string","comment":"string","ext_attrs":"string","id":"string","network_view":"string"}]],"description":"List of networks matching filters.","description_kind":"plain","computed":true}},"description_kind":"plain"}},"infoblox_mx_record":{"version":0,"block":{"attributes":{"filters":{"type":["map","string"],"description_kind":"plain","required":true},"id":{"type":"string","description_kind":"plain","optional":true,"computed":true},"results":{"type":["list",["object",{"comment":"string","dns_view":"string","ext_attrs":"string","fqdn":"string","id":"string","mail_exchanger":"string","preference":"number","ttl":"number","zone":"string"}]],"description":"List of MX Records matching filters","description_kind":"plain","computed":true}},"description_kind":"plain"}},"infoblox_network_view":{"version":0,"block":{"attributes":{"filters":{"type":["map","string"],"description_kind":"plain","required":true},"id":{"type":"string","description_kind":"plain","optional":true,"computed":true},"results":{"type":["list",["object",{"comment":"string","ext_attrs":"string","id":"string","name":"string"}]],"description":"List of network views matching filters.","description_kind":"plain","computed":true}},"description_kind":"plain"}},"infoblox_ns_record":{"version":0,"block":{"attributes":{"filters":{"type":["map","string"],"description_kind":"plain","required":true},"id":{"type":"string","description_kind":"plain","optional":true,"computed":true},"results":{"type":["list",["object",{"addresses":["list",["object",{"address":"string","auto_create_ptr":"bool"}]],"cloud_info":"string","creator":"string","dns_name":"string","dns_view":"string","id":"string","ms_delegation_name":"string","name":"string","nameserver":"string","policy":"string","zone":"string"}]],"description":"List of A records matching filters","description_kind":"plain","computed":true}},"description_kind":"plain"}},"infoblox_ptr_record":{"version":0,"block":{"attributes":{"filters":{"type":["map","string"],"description_kind":"plain","required":true},"id":{"type":"string","description_kind":"plain","optional":true,"computed":true},"results":{"type":["list",["object",{"comment":"string","dns_view":"string","ext_attrs":"string","id":"string","ip_addr":"string","ptrdname":"string","record_name":"string","ttl":"number","zone":"string"}]],"description":"List of PTR Records matching filters","description_kind":"plain","computed":true}},"description_kind":"plain"}},"infoblox_srv_record":{"version":0,"block":{"attributes":{"filters":{"type":["map","string"],"description_kind":"plain","required":true},"id":{"type":"string","description_kind":"plain","optional":true,"computed":true},"results":{"type":["list",["object",{"comment":"string","dns_view":"string","ext_attrs":"string","id":"string","name":"string","port":"number","priority":"number","target":"string","ttl":"number","weight":"number","zone":"string"}]],"description":"List of SRV Records matching filters","description_kind":"plain","computed":true}},"description_kind":"plain"}},"infoblox_txt_record":{"version":0,"block":{"attributes":{"filters":{"type":["map","string"],"description_kind":"plain","required":true},"id":{"type":"string","description_kind":"plain","optional":true,"computed":true},"results":{"type":["list",["object",{"comment":"string","dns_view":"string","ext_attrs":"string","fqdn":"string","id":"string","text":"string","ttl":"number","zone":"string"}]],"description":"List of TXT Records matching filters","description_kind":"plain","computed":true}},"description_kind":"plain"}},"infoblox_zone_auth":{"version":0,"block":{"attributes":{"filters":{"type":["map","string"],"description_kind":"plain","required":true},"id":{"type":"string","description_kind":"plain","optional":true,"computed":true},"results":{"type":["list",["object",{"comment":"string","ext_attrs":"string","fqdn":"string","id":"string","ns_group":"string","view":"string","zone_format":"string"}]],"description":"List of zones matching filters","description_kind":"plain","computed":true}},"description_kind":"plain"}},"infoblox_zone_delegated":{"version":0,"block":{"attributes":{"filters":{"type":["map","string"],"description_kind":"plain","required":true},"id":{"type":"string","description_kind":"plain","optional":true,"computed":true},"results":{"type":["list",["object",{"comment":"string","delegate_to":["set",["object",{"address":"string","name":"string"}]],"delegated_ttl":"number","disable":"bool","ext_attrs":"string","fqdn":"string","id":"string","locked":"bool","ns_group":"string","view":"string","zone_format":"string"}]],"description":"List of Delegated Zones matching filters","description_kind":"plain","computed":true}},"description_kind":"plain"}},"infoblox_zone_forward":{"version":0,"block":{"attributes":{"filters":{"type":["map","string"],"description_kind":"plain","required":true},"id":{"type":"string","description_kind":"plain","optional":true,"computed":true},"results":{"type":["list",["object",{"comment":"string","disable":"bool","ext_attrs":"string","external_ns_group":"string","forward_to":["list",["object",{"address":"string","name":"string"}]],"forwarders_only":"bool","forwarding_servers":["list",["object",{"forward_to":["list",["object",{"address":"string","name":"string"}]],"forwarders_only":"bool","name":"string","use_override_forwarders":"bool"}]],"fqdn":"string","id":"string","ns_group":"string","view":"string","zone_format":"string"}]],"description":"List of Forward Zones matching filters","description_kind":"plain","computed":true}},"description_kind":"plain"}}}}}}
